
Microsoft Visual Studio Solution File, Format Version 12.00
# Visual Studio Version 17
VisualStudioVersion = 17.2.32616.157
MinimumVisualStudioVersion = 10.0.40219.1
Project("{FAE04EC0-301F-11D3-BF4B-00C04F79EFBC}") = "MustafaEraslanGraduationProject", "MustafaEraslanGraduationProject\MustafaEraslanGraduationProject.csproj", "{20243FD3-BB20-4924-AC5C-13E01B771176}"
EndProject
Global
	GlobalSection(SolutionConfigurationPlatforms) = preSolution
		Debug|Any CPU = Debug|Any CPU
		Release|Any CPU = Release|Any CPU
	EndGlobalSection
	GlobalSection(ProjectConfigurationPlatforms) = postSolution
		{20243FD3-BB20-4924-AC5C-13E01B771176}.Debug|Any CPU.ActiveCfg = Debug|Any CPU
		{20243FD3-BB20-4924-AC5C-13E01B771176}.Debug|Any CPU.Build.0 = Debug|Any CPU
		{20243FD3-BB20-4924-AC5C-13E01B771176}.Release|Any CPU.ActiveCfg = Release|Any CPU
		{20243FD3-BB20-4924-AC5C-13E01B771176}.Release|Any CPU.Build.0 = Release|Any CPU
	EndGlobalSection
	GlobalSection(SolutionProperties) = preSolution
		HideSolutionNode = FALSE
	EndGlobalSection
	GlobalSection(ExtensibilityGlobals) = postSolution
		SolutionGuid = {7EFAAD5B-2D91-4D59-8CDF-77EFE9A36967}
	EndGlobalSection
EndGlobal
